
Microsoft Visual Studio Solution File, Format Version 12.00
# Visual Studio Version 16
VisualStudioVersion = 16.0.30225.117
MinimumVisualStudioVersion = 10.0.40219.1
Project("{9A19103F-16F7-4668-BE54-9A1E7A4F7556}") = "AlphabetPosition", "AlphabetPosition\AlphabetPosition.csproj", "{4AD41E0F-4498-4814-B646-6F0501FCF908}"
EndProject
Project("{9A19103F-16F7-4668-BE54-9A1E7A4F7556}") = "AreTheyTheSame", "AreTheyTheSame\AreTheyTheSame.csproj", "{DC8F71D4-8954-4880-9867-672183DC0146}"
EndProject
Project("{9A19103F-16F7-4668-BE54-9A1E7A4F7556}") = "BuildTower", "BuildTower\BuildTower.csproj", "{698C1104-9094-4C6E-B511-8CC11552CE52}"
EndProject
Project("{9A19103F-16F7-4668-BE54-9A1E7A4F7556}") = "TakeATenMinuteWalk", "TakeATenMinuteWalk\TakeATenMinuteWalk.csproj", "{24DBCBF9-7AEA-453F-8C51-E146A723E712}"
EndProject
Project("{FAE04EC0-301F-11D3-BF4B-00C04F79EFBC}") = "PrinterErrors", "PrinterErrors\PrinterErrors.csproj", "{BC0506CF-0ABA-4D3E-B171-03C90039F2DE}"
EndProject
Project("{FAE04EC0-301F-11D3-BF4B-00C04F79EFBC}") = "SumOfASequence", "SumOfASequence\SumOfASequence.csproj", "{63444D54-C840-4895-83A0-D04360489B8F}"
EndProject
Project("{FAE04EC0-301F-11D3-BF4B-00C04F79EFBC}") = "PlayingWithDigits", "PlayingWithDigits\PlayingWithDigits.csproj", "{2B185905-A82D-43F4-BA8F-0D2A709950FD}"
EndProject
Project("{FAE04EC0-301F-11D3-BF4B-00C04F79EFBC}") = "TheHighestPropitWins", "TheHighestPropitWins\TheHighestPropitWins.csproj", "{26C2C216-95CE-4F7B-B6A7-66F4A19ECCC6}"
EndProject
Global
	GlobalSection(SolutionConfigurationPlatforms) = preSolution
		Debug|Any CPU = Debug|Any CPU
		Release|Any CPU = Release|Any CPU
	EndGlobalSection
	GlobalSection(ProjectConfigurationPlatforms) = postSolution
		{4AD41E0F-4498-4814-B646-6F0501FCF908}.Debug|Any CPU.ActiveCfg = Debug|Any CPU
		{4AD41E0F-4498-4814-B646-6F0501FCF908}.Debug|Any CPU.Build.0 = Debug|Any CPU
		{4AD41E0F-4498-4814-B646-6F0501FCF908}.Release|Any CPU.ActiveCfg = Release|Any CPU
		{4AD41E0F-4498-4814-B646-6F0501FCF908}.Release|Any CPU.Build.0 = Release|Any CPU
		{DC8F71D4-8954-4880-9867-672183DC0146}.Debug|Any CPU.ActiveCfg = Debug|Any CPU
		{DC8F71D4-8954-4880-9867-672183DC0146}.Debug|Any CPU.Build.0 = Debug|Any CPU
		{DC8F71D4-8954-4880-9867-672183DC0146}.Release|Any CPU.ActiveCfg = Release|Any CPU
		{DC8F71D4-8954-4880-9867-672183DC0146}.Release|Any CPU.Build.0 = Release|Any CPU
		{698C1104-9094-4C6E-B511-8CC11552CE52}.Debug|Any CPU.ActiveCfg = Debug|Any CPU
		{698C1104-9094-4C6E-B511-8CC11552CE52}.Debug|Any CPU.Build.0 = Debug|Any CPU
		{698C1104-9094-4C6E-B511-8CC11552CE52}.Release|Any CPU.ActiveCfg = Release|Any CPU
		{698C1104-9094-4C6E-B511-8CC11552CE52}.Release|Any CPU.Build.0 = Release|Any CPU
		{24DBCBF9-7AEA-453F-8C51-E146A723E712}.Debug|Any CPU.ActiveCfg = Debug|Any CPU
		{24DBCBF9-7AEA-453F-8C51-E146A723E712}.Debug|Any CPU.Build.0 = Debug|Any CPU
		{24DBCBF9-7AEA-453F-8C51-E146A723E712}.Release|Any CPU.ActiveCfg = Release|Any CPU
		{24DBCBF9-7AEA-453F-8C51-E146A723E712}.Release|Any CPU.Build.0 = Release|Any CPU
		{BC0506CF-0ABA-4D3E-B171-03C90039F2DE}.Debug|Any CPU.ActiveCfg = Debug|Any CPU
		{BC0506CF-0ABA-4D3E-B171-03C90039F2DE}.Debug|Any CPU.Build.0 = Debug|Any CPU
		{BC0506CF-0ABA-4D3E-B171-03C90039F2DE}.Release|Any CPU.ActiveCfg = Release|Any CPU
		{BC0506CF-0ABA-4D3E-B171-03C90039F2DE}.Release|Any CPU.Build.0 = Release|Any CPU
		{63444D54-C840-4895-83A0-D04360489B8F}.Debug|Any CPU.ActiveCfg = Debug|Any CPU
		{63444D54-C840-4895-83A0-D04360489B8F}.Debug|Any CPU.Build.0 = Debug|Any CPU
		{63444D54-C840-4895-83A0-D04360489B8F}.Release|Any CPU.ActiveCfg = Release|Any CPU
		{63444D54-C840-4895-83A0-D04360489B8F}.Release|Any CPU.Build.0 = Release|Any CPU
		{2B185905-A82D-43F4-BA8F-0D2A709950FD}.Debug|Any CPU.ActiveCfg = Debug|Any CPU
		{2B185905-A82D-43F4-BA8F-0D2A709950FD}.Debug|Any CPU.Build.0 = Debug|Any CPU
		{2B185905-A82D-43F4-BA8F-0D2A709950FD}.Release|Any CPU.ActiveCfg = Release|Any CPU
		{2B185905-A82D-43F4-BA8F-0D2A709950FD}.Release|Any CPU.Build.0 = Release|Any CPU
		{26C2C216-95CE-4F7B-B6A7-66F4A19ECCC6}.Debug|Any CPU.ActiveCfg = Debug|Any CPU
		{26C2C216-95CE-4F7B-B6A7-66F4A19ECCC6}.Debug|Any CPU.Build.0 = Debug|Any CPU
		{26C2C216-95CE-4F7B-B6A7-66F4A19ECCC6}.Release|Any CPU.ActiveCfg = Release|Any CPU
		{26C2C216-95CE-4F7B-B6A7-66F4A19ECCC6}.Release|Any CPU.Build.0 = Release|Any CPU
	EndGlobalSection
	GlobalSection(SolutionProperties) = preSolution
		HideSolutionNode = FALSE
	EndGlobalSection
	GlobalSection(ExtensibilityGlobals) = postSolution
		SolutionGuid = {1ECADE3E-5D8B-42DE-AB5E-23B56F543B29}
	EndGlobalSection
EndGlobal
