
Microsoft Visual Studio Solution File, Format Version 12.00
# Visual Studio Version 16
VisualStudioVersion = 16.0.30225.117
MinimumVisualStudioVersion = 10.0.40219.1
Project("{9A19103F-16F7-4668-BE54-9A1E7A4F7556}") = "AlphabetPosition", "AlphabetPosition\AlphabetPosition.csproj", "{4AD41E0F-4498-4814-B646-6F0501FCF908}"
EndProject
Project("{FAE04EC0-301F-11D3-BF4B-00C04F79EFBC}") = "AreTheyTheSame", "AreTheyTheSame\AreTheyTheSame.csproj", "{DC8F71D4-8954-4880-9867-672183DC0146}"
EndProject
Global
	GlobalSection(SolutionConfigurationPlatforms) = preSolution
		Debug|Any CPU = Debug|Any CPU
		Release|Any CPU = Release|Any CPU
	EndGlobalSection
	GlobalSection(ProjectConfigurationPlatforms) = postSolution
		{4AD41E0F-4498-4814-B646-6F0501FCF908}.Debug|Any CPU.ActiveCfg = Debug|Any CPU
		{4AD41E0F-4498-4814-B646-6F0501FCF908}.Debug|Any CPU.Build.0 = Debug|Any CPU
		{4AD41E0F-4498-4814-B646-6F0501FCF908}.Release|Any CPU.ActiveCfg = Release|Any CPU
		{4AD41E0F-4498-4814-B646-6F0501FCF908}.Release|Any CPU.Build.0 = Release|Any CPU
		{DC8F71D4-8954-4880-9867-672183DC0146}.Debug|Any CPU.ActiveCfg = Debug|Any CPU
		{DC8F71D4-8954-4880-9867-672183DC0146}.Debug|Any CPU.Build.0 = Debug|Any CPU
		{DC8F71D4-8954-4880-9867-672183DC0146}.Release|Any CPU.ActiveCfg = Release|Any CPU
		{DC8F71D4-8954-4880-9867-672183DC0146}.Release|Any CPU.Build.0 = Release|Any CPU
	EndGlobalSection
	GlobalSection(SolutionProperties) = preSolution
		HideSolutionNode = FALSE
	EndGlobalSection
	GlobalSection(ExtensibilityGlobals) = postSolution
		SolutionGuid = {1ECADE3E-5D8B-42DE-AB5E-23B56F543B29}
	EndGlobalSection
EndGlobal
